
Microsoft Visual Studio Solution File, Format Version 12.00
Project("{FAE04EC0-301F-11D3-BF4B-00C04F79EFBC}") = "FormatDifference", "FormatDifference\FormatDifference.csproj", "{5C689BB7-3647-4317-A28D-16FA5B559A97}"
EndProject
Global
	GlobalSection(SolutionConfigurationPlatforms) = preSolution
		Debug|Any CPU = Debug|Any CPU
		Release|Any CPU = Release|Any CPU
	EndGlobalSection
	GlobalSection(ProjectConfigurationPlatforms) = postSolution
		{5C689BB7-3647-4317-A28D-16FA5B559A97}.Debug|Any CPU.ActiveCfg = Debug|Any CPU
		{5C689BB7-3647-4317-A28D-16FA5B559A97}.Debug|Any CPU.Build.0 = Debug|Any CPU
		{5C689BB7-3647-4317-A28D-16FA5B559A97}.Release|Any CPU.ActiveCfg = Release|Any CPU
		{5C689BB7-3647-4317-A28D-16FA5B559A97}.Release|Any CPU.Build.0 = Release|Any CPU
	EndGlobalSection
EndGlobal
